
Microsoft Visual Studio Solution File, Format Version 12.00
# Visual Studio Version 17
VisualStudioVersion = 17.6.33801.468
MinimumVisualStudioVersion = 10.0.40219.1
Project("{FAE04EC0-301F-11D3-BF4B-00C04F79EFBC}") = "Atv 06", "Atv 06\Atv 06.csproj", "{051C2B9C-877A-4F82-8085-C6B61237C9D7}"
EndProject
Global
	GlobalSection(SolutionConfigurationPlatforms) = preSolution
		Debug|Any CPU = Debug|Any CPU
		Release|Any CPU = Release|Any CPU
	EndGlobalSection
	GlobalSection(ProjectConfigurationPlatforms) = postSolution
		{051C2B9C-877A-4F82-8085-C6B61237C9D7}.Debug|Any CPU.ActiveCfg = Debug|Any CPU
		{051C2B9C-877A-4F82-8085-C6B61237C9D7}.Debug|Any CPU.Build.0 = Debug|Any CPU
		{051C2B9C-877A-4F82-8085-C6B61237C9D7}.Release|Any CPU.ActiveCfg = Release|Any CPU
		{051C2B9C-877A-4F82-8085-C6B61237C9D7}.Release|Any CPU.Build.0 = Release|Any CPU
	EndGlobalSection
	GlobalSection(SolutionProperties) = preSolution
		HideSolutionNode = FALSE
	EndGlobalSection
	GlobalSection(ExtensibilityGlobals) = postSolution
		SolutionGuid = {4E1A522F-D040-43D9-8460-24D22577750F}
	EndGlobalSection
EndGlobal
